
Microsoft Visual Studio Solution File, Format Version 12.00
# Visual Studio 15
VisualStudioVersion = 15.0.28307.421
MinimumVisualStudioVersion = 10.0.40219.1
Project("{9A19103F-16F7-4668-BE54-9A1E7A4F7556}") = "BlogDemo.Api", "BlogDemo.Api\BlogDemo.Api.csproj", "{0BCE9CE0-2D06-4DE7-A672-311998BD49B9}"
	ProjectSection(ProjectDependencies) = postProject
		{C2BB5862-12B8-4205-B99F-B9205FA00A61} = {C2BB5862-12B8-4205-B99F-B9205FA00A61}
		{F1F0EFAC-94DC-4A67-97D7-BD48727462AD} = {F1F0EFAC-94DC-4A67-97D7-BD48727462AD}
	EndProjectSection
EndProject
Project("{9A19103F-16F7-4668-BE54-9A1E7A4F7556}") = "BlogDemo.Core", "BlogDemo.Core\BlogDemo.Core.csproj", "{C2BB5862-12B8-4205-B99F-B9205FA00A61}"
EndProject
Project("{9A19103F-16F7-4668-BE54-9A1E7A4F7556}") = "BlogDemo.Infrastructure", "BlogDemo.Infrastructure\BlogDemo.Infrastructure.csproj", "{F1F0EFAC-94DC-4A67-97D7-BD48727462AD}"
	ProjectSection(ProjectDependencies) = postProject
		{C2BB5862-12B8-4205-B99F-B9205FA00A61} = {C2BB5862-12B8-4205-B99F-B9205FA00A61}
	EndProjectSection
EndProject
Project("{9A19103F-16F7-4668-BE54-9A1E7A4F7556}") = "BlogIdp", "BlogIdp\BlogIdp.csproj", "{35C3C443-EBE6-4002-814E-882C66C05120}"
EndProject
Project("{FAE04EC0-301F-11D3-BF4B-00C04F79EFBC}") = "MvcClient", "MvcClient\MvcClient.csproj", "{81D5C9DB-8596-454D-BF60-F0DB71ABD843}"
EndProject
Global
	GlobalSection(SolutionConfigurationPlatforms) = preSolution
		Debug|Any CPU = Debug|Any CPU
		Release|Any CPU = Release|Any CPU
	EndGlobalSection
	GlobalSection(ProjectConfigurationPlatforms) = postSolution
		{0BCE9CE0-2D06-4DE7-A672-311998BD49B9}.Debug|Any CPU.ActiveCfg = Debug|Any CPU
		{0BCE9CE0-2D06-4DE7-A672-311998BD49B9}.Debug|Any CPU.Build.0 = Debug|Any CPU
		{0BCE9CE0-2D06-4DE7-A672-311998BD49B9}.Release|Any CPU.ActiveCfg = Release|Any CPU
		{0BCE9CE0-2D06-4DE7-A672-311998BD49B9}.Release|Any CPU.Build.0 = Release|Any CPU
		{C2BB5862-12B8-4205-B99F-B9205FA00A61}.Debug|Any CPU.ActiveCfg = Debug|Any CPU
		{C2BB5862-12B8-4205-B99F-B9205FA00A61}.Debug|Any CPU.Build.0 = Debug|Any CPU
		{C2BB5862-12B8-4205-B99F-B9205FA00A61}.Release|Any CPU.ActiveCfg = Release|Any CPU
		{C2BB5862-12B8-4205-B99F-B9205FA00A61}.Release|Any CPU.Build.0 = Release|Any CPU
		{F1F0EFAC-94DC-4A67-97D7-BD48727462AD}.Debug|Any CPU.ActiveCfg = Debug|Any CPU
		{F1F0EFAC-94DC-4A67-97D7-BD48727462AD}.Debug|Any CPU.Build.0 = Debug|Any CPU
		{F1F0EFAC-94DC-4A67-97D7-BD48727462AD}.Release|Any CPU.ActiveCfg = Release|Any CPU
		{F1F0EFAC-94DC-4A67-97D7-BD48727462AD}.Release|Any CPU.Build.0 = Release|Any CPU
		{35C3C443-EBE6-4002-814E-882C66C05120}.Debug|Any CPU.ActiveCfg = Debug|Any CPU
		{35C3C443-EBE6-4002-814E-882C66C05120}.Debug|Any CPU.Build.0 = Debug|Any CPU
		{35C3C443-EBE6-4002-814E-882C66C05120}.Release|Any CPU.ActiveCfg = Release|Any CPU
		{35C3C443-EBE6-4002-814E-882C66C05120}.Release|Any CPU.Build.0 = Release|Any CPU
		{81D5C9DB-8596-454D-BF60-F0DB71ABD843}.Debug|Any CPU.ActiveCfg = Debug|Any CPU
		{81D5C9DB-8596-454D-BF60-F0DB71ABD843}.Debug|Any CPU.Build.0 = Debug|Any CPU
		{81D5C9DB-8596-454D-BF60-F0DB71ABD843}.Release|Any CPU.ActiveCfg = Release|Any CPU
		{81D5C9DB-8596-454D-BF60-F0DB71ABD843}.Release|Any CPU.Build.0 = Release|Any CPU
	EndGlobalSection
	GlobalSection(SolutionProperties) = preSolution
		HideSolutionNode = FALSE
	EndGlobalSection
	GlobalSection(ExtensibilityGlobals) = postSolution
		SolutionGuid = {307AE0A2-E316-434F-BEC2-9F33829C1C8F}
	EndGlobalSection
EndGlobal
